// !$*UTF8*$!
{
	archiveVersion = 1;
	classes = {
	};
	objectVersion = 46;
	objects = {

/* Begin PBXBuildFile section */
		5FD4C9231E08439B0036BB76 /* main.m in Sources */ = {isa = PBXBuildFile; fileRef = 5FD4C9221E08439B0036BB76 /* main.m */; };
		5FD4C9261E08439B0036BB76 /* AppDelegate.m in Sources */ = {isa = PBXBuildFile; fileRef = 5FD4C9251E08439B0036BB76 /* AppDelegate.m */; };
		5FD4C9291E08439B0036BB76 /* ViewController.m in Sources */ = {isa = PBXBuildFile; fileRef = 5FD4C9281E08439B0036BB76 /* ViewController.m */; };
		5FD4C92C1E08439B0036BB76 /* Main.storyboard in Resources */ = {isa = PBXBuildFile; fileRef = 5FD4C92A1E08439B0036BB76 /* Main.storyboard */; };
		5FD4C92E1E08439B0036BB76 /* Assets.xcassets in Resources */ = {isa = PBXBuildFile; fileRef = 5FD4C92D1E08439B0036BB76 /* Assets.xcassets */; };
		5FD4C9311E08439B0036BB76 /* LaunchScreen.storyboard in Resources */ = {isa = PBXBuildFile; fileRef = 5FD4C92F1E08439B0036BB76 /* LaunchScreen.storyboard */; };
		5FD4C93C1E08439B0036BB76 /* PangestureTestTests.m in Sources */ = {isa = PBXBuildFile; fileRef = 5FD4C93B1E08439B0036BB76 /* PangestureTestTests.m */; };
		5FD4C9471E08439B0036BB76 /* PangestureTestUITests.m in Sources */ = {isa = PBXBuildFile; fileRef = 5FD4C9461E08439B0036BB76 /* PangestureTestUITests.m */; };
		5FD4C9561E0843D20036BB76 /* MMUIPanGestureRecognizer.m in Sources */ = {isa = PBXBuildFile; fileRef = 5FD4C9551E0843D20036BB76 /* MMUIPanGestureRecognizer.m */; };
/* End PBXBuildFile section */

/* Begin PBXContainerItemProxy section */
		5FD4C9381E08439B0036BB76 /* PBXContainerItemProxy */ = {
			isa = PBXContainerItemProxy;
			containerPortal = 5FD4C9161E08439B0036BB76 /* Project object */;
			proxyType = 1;
			remoteGlobalIDString = 5FD4C91D1E08439B0036BB76;
			remoteInfo = PangestureTest;
		};
		5FD4C9431E08439B0036BB76 /* PBXContainerItemProxy */ = {
			isa = PBXContainerItemProxy;
			containerPortal = 5FD4C9161E08439B0036BB76 /* Project object */;
			proxyType = 1;
			remoteGlobalIDString = 5FD4C91D1E08439B0036BB76;
			remoteInfo = PangestureTest;
		};
/* End PBXContainerItemProxy section */

/* Begin PBXFileReference section */
		5FD4C91E1E08439B0036BB76 /* PangestureTest.app */ = {isa = PBXFileReference; explicitFileType = wrapper.application; includeInIndex = 0; path = PangestureTest.app; sourceTree = BUILT_PRODUCTS_DIR; };
		5FD4C9221E08439B0036BB76 /* main.m */ = {isa = PBXFileReference; lastKnownFileType = sourcecode.c.objc; path = main.m; sourceTree = "<group>"; };
		5FD4C9241E08439B0036BB76 /* AppDelegate.h */ = {isa = PBXFileReference; lastKnownFileType = sourcecode.c.h; path = AppDelegate.h; sourceTree = "<group>"; };
		5FD4C9251E08439B0036BB76 /* AppDelegate.m */ = {isa = PBXFileReference; lastKnownFileType = sourcecode.c.objc; path = AppDelegate.m; sourceTree = "<group>"; };
		5FD4C9271E08439B0036BB76 /* ViewController.h */ = {isa = PBXFileReference; lastKnownFileType = sourcecode.c.h; path = ViewController.h; sourceTree = "<group>"; };
		5FD4C9281E08439B0036BB76 /* ViewController.m */ = {isa = PBXFileReference; lastKnownFileType = sourcecode.c.objc; path = ViewController.m; sourceTree = "<group>"; };
		5FD4C92B1E08439B0036BB76 /* Base */ = {isa = PBXFileReference; lastKnownFileType = file.storyboard; name = Base; path = Base.lproj/Main.storyboard; sourceTree = "<group>"; };
		5FD4C92D1E08439B0036BB76 /* Assets.xcassets */ = {isa = PBXFileReference; lastKnownFileType = folder.assetcatalog; path = Assets.xcassets; sourceTree = "<group>"; };
		5FD4C9301E08439B0036BB76 /* Base */ = {isa = PBXFileReference; lastKnownFileType = file.storyboard; name = Base; path = Base.lproj/LaunchScreen.storyboard; sourceTree = "<group>"; };
		5FD4C9321E08439B0036BB76 /* Info.plist */ = {isa = PBXFileReference; lastKnownFileType = text.plist.xml; path = Info.plist; sourceTree = "<group>"; };
		5FD4C9371E08439B0036BB76 /* PangestureTestTests.xctest */ = {isa = PBXFileReference; explicitFileType = wrapper.cfbundle; includeInIndex = 0; path = PangestureTestTests.xctest; sourceTree = BUILT_PRODUCTS_DIR; };
		5FD4C93B1E08439B0036BB76 /* PangestureTestTests.m */ = {isa = PBXFileReference; lastKnownFileType = sourcecode.c.objc; path = PangestureTestTests.m; sourceTree = "<group>"; };
		5FD4C93D1E08439B0036BB76 /* Info.plist */ = {isa = PBXFileReference; lastKnownFileType = text.plist.xml; path = Info.plist; sourceTree = "<group>"; };
		5FD4C9421E08439B0036BB76 /* PangestureTestUITests.xctest */ = {isa = PBXFileReference; explicitFileType = wrapper.cfbundle; includeInIndex = 0; path = PangestureTestUITests.xctest; sourceTree = BUILT_PRODUCTS_DIR; };
		5FD4C9461E08439B0036BB76 /* PangestureTestUITests.m */ = {isa = PBXFileReference; lastKnownFileType = sourcecode.c.objc; path = PangestureTestUITests.m; sourceTree = "<group>"; };
		5FD4C9481E08439B0036BB76 /* Info.plist */ = {isa = PBXFileReference; lastKnownFileType = text.plist.xml; path = Info.plist; sourceTree = "<group>"; };
		5FD4C9541E0843D20036BB76 /* MMUIPanGestureRecognizer.h */ = {isa = PBXFileReference; fileEncoding = 4; lastKnownFileType = sourcecode.c.h; path = MMUIPanGestureRecognizer.h; sourceTree = "<group>"; };
		5FD4C9551E0843D20036BB76 /* MMUIPanGestureRecognizer.m */ = {isa = PBXFileReference; fileEncoding = 4; lastKnownFileType = sourcecode.c.objc; path = MMUIPanGestureRecognizer.m; sourceTree = "<group>"; };
/* End PBXFileReference section */

/* Begin PBXFrameworksBuildPhase section */
		5FD4C91B1E08439B0036BB76 /* Frameworks */ = {
			isa = PBXFrameworksBuildPhase;
			buildActionMask = 2147483647;
			files = (
			);
			runOnlyForDeploymentPostprocessing = 0;
		};
		5FD4C9341E08439B0036BB76 /* Frameworks */ = {
			isa = PBXFrameworksBuildPhase;
			buildActionMask = 2147483647;
			files = (
			);
			runOnlyForDeploymentPostprocessing = 0;
		};
		5FD4C93F1E08439B0036BB76 /* Frameworks */ = {
			isa = PBXFrameworksBuildPhase;
			buildActionMask = 2147483647;
			files = (
			);
			runOnlyForDeploymentPostprocessing = 0;
		};
/* End PBXFrameworksBuildPhase section */

/* Begin PBXGroup section */
		5FD4C9151E08439B0036BB76 = {
			isa = PBXGroup;
			children = (
				5FD4C9201E08439B0036BB76 /* PangestureTest */,
				5FD4C93A1E08439B0036BB76 /* PangestureTestTests */,
				5FD4C9451E08439B0036BB76 /* PangestureTestUITests */,
				5FD4C91F1E08439B0036BB76 /* Products */,
			);
			sourceTree = "<group>";
		};
		5FD4C91F1E08439B0036BB76 /* Products */ = {
			isa = PBXGroup;
			children = (
				5FD4C91E1E08439B0036BB76 /* PangestureTest.app */,
				5FD4C9371E08439B0036BB76 /* PangestureTestTests.xctest */,
				5FD4C9421E08439B0036BB76 /* PangestureTestUITests.xctest */,
			);
			name = Products;
			sourceTree = "<group>";
		};
		5FD4C9201E08439B0036BB76 /* PangestureTest */ = {
			isa = PBXGroup;
			children = (
				5FD4C9241E08439B0036BB76 /* AppDelegate.h */,
				5FD4C9251E08439B0036BB76 /* AppDelegate.m */,
				5FD4C9271E08439B0036BB76 /* ViewController.h */,
				5FD4C9281E08439B0036BB76 /* ViewController.m */,
				5FD4C92A1E08439B0036BB76 /* Main.storyboard */,
				5FD4C92D1E08439B0036BB76 /* Assets.xcassets */,
				5FD4C92F1E08439B0036BB76 /* LaunchScreen.storyboard */,
				5FD4C9541E0843D20036BB76 /* MMUIPanGestureRecognizer.h */,
				5FD4C9551E0843D20036BB76 /* MMUIPanGestureRecognizer.m */,
				5FD4C9321E08439B0036BB76 /* Info.plist */,
				5FD4C9211E08439B0036BB76 /* Supporting Files */,
			);
			path = PangestureTest;
			sourceTree = "<group>";
		};
		5FD4C9211E08439B0036BB76 /* Supporting Files */ = {
			isa = PBXGroup;
			children = (
				5FD4C9221E08439B0036BB76 /* main.m */,
			);
			name = "Supporting Files";
			sourceTree = "<group>";
		};
		5FD4C93A1E08439B0036BB76 /* PangestureTestTests */ = {
			isa = PBXGroup;
			children = (
				5FD4C93B1E08439B0036BB76 /* PangestureTestTests.m */,
				5FD4C93D1E08439B0036BB76 /* Info.plist */,
			);
			path = PangestureTestTests;
			sourceTree = "<group>";
		};
		5FD4C9451E08439B0036BB76 /* PangestureTestUITests */ = {
			isa = PBXGroup;
			children = (
				5FD4C9461E08439B0036BB76 /* PangestureTestUITests.m */,
				5FD4C9481E08439B0036BB76 /* Info.plist */,
			);
			path = PangestureTestUITests;
			sourceTree = "<group>";
		};
/* End PBXGroup section */

/* Begin PBXNativeTarget section */
		5FD4C91D1E08439B0036BB76 /* PangestureTest */ = {
			isa = PBXNativeTarget;
			buildConfigurationList = 5FD4C94B1E08439B0036BB76 /* Build configuration list for PBXNativeTarget "PangestureTest" */;
			buildPhases = (
				5FD4C91A1E08439B0036BB76 /* Sources */,
				5FD4C91B1E08439B0036BB76 /* Frameworks */,
				5FD4C91C1E08439B0036BB76 /* Resources */,
			);
			buildRules = (
			);
			dependencies = (
			);
			name = PangestureTest;
			productName = PangestureTest;
			productReference = 5FD4C91E1E08439B0036BB76 /* PangestureTest.app */;
			productType = "com.apple.product-type.application";
		};
		5FD4C9361E08439B0036BB76 /* PangestureTestTests */ = {
			isa = PBXNativeTarget;
			buildConfigurationList = 5FD4C94E1E08439B0036BB76 /* Build configuration list for PBXNativeTarget "PangestureTestTests" */;
			buildPhases = (
				5FD4C9331E08439B0036BB76 /* Sources */,
				5FD4C9341E08439B0036BB76 /* Frameworks */,
				5FD4C9351E08439B0036BB76 /* Resources */,
			);
			buildRules = (
			);
			dependencies = (
				5FD4C9391E08439B0036BB76 /* PBXTargetDependency */,
			);
			name = PangestureTestTests;
			productName = PangestureTestTests;
			productReference = 5FD4C9371E08439B0036BB76 /* PangestureTestTests.xctest */;
			productType = "com.apple.product-type.bundle.unit-test";
		};
		5FD4C9411E08439B0036BB76 /* PangestureTestUITests */ = {
			isa = PBXNativeTarget;
			buildConfigurationList = 5FD4C9511E08439B0036BB76 /* Build configuration list for PBXNativeTarget "PangestureTestUITests" */;
			buildPhases = (
				5FD4C93E1E08439B0036BB76 /* Sources */,
				5FD4C93F1E08439B0036BB76 /* Frameworks */,
				5FD4C9401E08439B0036BB76 /* Resources */,
			);
			buildRules = (
			);
			dependencies = (
				5FD4C9441E08439B0036BB76 /* PBXTargetDependency */,
			);
			name = PangestureTestUITests;
			productName = PangestureTestUITests;
			productReference = 5FD4C9421E08439B0036BB76 /* PangestureTestUITests.xctest */;
			productType = "com.apple.product-type.bundle.ui-testing";
		};
/* End PBXNativeTarget section */

/* Begin PBXProject section */
		5FD4C9161E08439B0036BB76 /* Project object */ = {
			isa = PBXProject;
			attributes = {
				LastUpgradeCheck = 0810;
				ORGANIZATIONNAME = KittenYang;
				TargetAttributes = {
					5FD4C91D1E08439B0036BB76 = {
						CreatedOnToolsVersion = 8.1;
						ProvisioningStyle = Automatic;
					};
					5FD4C9361E08439B0036BB76 = {
						CreatedOnToolsVersion = 8.1;
						ProvisioningStyle = Automatic;
						TestTargetID = 5FD4C91D1E08439B0036BB76;
					};
					5FD4C9411E08439B0036BB76 = {
						CreatedOnToolsVersion = 8.1;
						ProvisioningStyle = Automatic;
						TestTargetID = 5FD4C91D1E08439B0036BB76;
					};
				};
			};
			buildConfigurationList = 5FD4C9191E08439B0036BB76 /* Build configuration list for PBXProject "PangestureTest" */;
			compatibilityVersion = "Xcode 3.2";
			developmentRegion = English;
			hasScannedForEncodings = 0;
			knownRegions = (
				en,
				Base,
			);
			mainGroup = 5FD4C9151E08439B0036BB76;
			productRefGroup = 5FD4C91F1E08439B0036BB76 /* Products */;
			projectDirPath = "";
			projectRoot = "";
			targets = (
				5FD4C91D1E08439B0036BB76 /* PangestureTest */,
				5FD4C9361E08439B0036BB76 /* PangestureTestTests */,
				5FD4C9411E08439B0036BB76 /* PangestureTestUITests */,
			);
		};
/* End PBXProject section */

/* Begin PBXResourcesBuildPhase section */
		5FD4C91C1E08439B0036BB76 /* Resources */ = {
			isa = PBXResourcesBuildPhase;
			buildActionMask = 2147483647;
			files = (
				5FD4C9311E08439B0036BB76 /* LaunchScreen.storyboard in Resources */,
				5FD4C92E1E08439B0036BB76 /* Assets.xcassets in Resources */,
				5FD4C92C1E08439B0036BB76 /* Main.storyboard in Resources */,
			);
			runOnlyForDeploymentPostprocessing = 0;
		};
		5FD4C9351E08439B0036BB76 /* Resources */ = {
			isa = PBXResourcesBuildPhase;
			buildActionMask = 2147483647;
			files = (
			);
			runOnlyForDeploymentPostprocessing = 0;
		};
		5FD4C9401E08439B0036BB76 /* Resources */ = {
			isa = PBXResourcesBuildPhase;
			buildActionMask = 2147483647;
			files = (
			);
			runOnlyForDeploymentPostprocessing = 0;
		};
/* End PBXResourcesBuildPhase section */

/* Begin PBXSourcesBuildPhase section */
		5FD4C91A1E08439B0036BB76 /* Sources */ = {
			isa = PBXSourcesBuildPhase;
			buildActionMask = 2147483647;
			files = (
				5FD4C9291E08439B0036BB76 /* ViewController.m in Sources */,
				5FD4C9261E08439B0036BB76 /* AppDelegate.m in Sources */,
				5FD4C9231E08439B0036BB76 /* main.m in Sources */,
				5FD4C9561E0843D20036BB76 /* MMUIPanGestureRecognizer.m in Sources */,
			);
			runOnlyForDeploymentPostprocessing = 0;
		};
		5FD4C9331E08439B0036BB76 /* Sources */ = {
			isa = PBXSourcesBuildPhase;
			buildActionMask = 2147483647;
			files = (
				5FD4C93C1E08439B0036BB76 /* PangestureTestTests.m in Sources */,
			);
			runOnlyForDeploymentPostprocessing = 0;
		};
		5FD4C93E1E08439B0036BB76 /* Sources */ = {
			isa = PBXSourcesBuildPhase;
			buildActionMask = 2147483647;
			files = (
				5FD4C9471E08439B0036BB76 /* PangestureTestUITests.m in Sources */,
			);
			runOnlyForDeploymentPostprocessing = 0;
		};
/* End PBXSourcesBuildPhase section */

/* Begin PBXTargetDependency section */
		5FD4C9391E08439B0036BB76 /* PBXTargetDependency */ = {
			isa = PBXTargetDependency;
			target = 5FD4C91D1E08439B0036BB76 /* PangestureTest */;
			targetProxy = 5FD4C9381E08439B0036BB76 /* PBXContainerItemProxy */;
		};
		5FD4C9441E08439B0036BB76 /* PBXTargetDependency */ = {
			isa = PBXTargetDependency;
			target = 5FD4C91D1E08439B0036BB76 /* PangestureTest */;
			targetProxy = 5FD4C9431E08439B0036BB76 /* PBXContainerItemProxy */;
		};
/* End PBXTargetDependency section */

/* Begin PBXVariantGroup section */
		5FD4C92A1E08439B0036BB76 /* Main.storyboard */ = {
			isa = PBXVariantGroup;
			children = (
				5FD4C92B1E08439B0036BB76 /* Base */,
			);
			name = Main.storyboard;
			sourceTree = "<group>";
		};
		5FD4C92F1E08439B0036BB76 /* LaunchScreen.storyboard */ = {
			isa = PBXVariantGroup;
			children = (
				5FD4C9301E08439B0036BB76 /* Base */,
			);
			name = LaunchScreen.storyboard;
			sourceTree = "<group>";
		};
/* End PBXVariantGroup section */

/* Begin XCBuildConfiguration section */
		5FD4C9491E08439B0036BB76 /* Debug */ = {
			isa = XCBuildConfiguration;
			buildSettings = {
				ALWAYS_SEARCH_USER_PATHS = NO;
				CLANG_ANALYZER_NONNULL = YES;
				CLANG_CXX_LANGUAGE_STANDARD = "gnu++0x";
				CLANG_CXX_LIBRARY = "libc++";
				CLANG_ENABLE_MODULES = YES;
				CLANG_ENABLE_OBJC_ARC = YES;
				CLANG_WARN_BOOL_CONVERSION = YES;
				CLANG_WARN_CONSTANT_CONVERSION = YES;
				CLANG_WARN_DIRECT_OBJC_ISA_USAGE = YES_ERROR;
				CLANG_WARN_DOCUMENTATION_COMMENTS = YES;
				CLANG_WARN_EMPTY_BODY = YES;
				CLANG_WARN_ENUM_CONVERSION = YES;
				CLANG_WARN_INFINITE_RECURSION = YES;
				CLANG_WARN_INT_CONVERSION = YES;
				CLANG_WARN_OBJC_ROOT_CLASS = YES_ERROR;
				CLANG_WARN_SUSPICIOUS_MOVES = YES;
				CLANG_WARN_UNREACHABLE_CODE = YES;
				CLANG_WARN__DUPLICATE_METHOD_MATCH = YES;
				"CODE_SIGN_IDENTITY[sdk=iphoneos*]" = "iPhone Developer";
				COPY_PHASE_STRIP = NO;
				DEBUG_INFORMATION_FORMAT = dwarf;
				ENABLE_STRICT_OBJC_MSGSEND = YES;
				ENABLE_TESTABILITY = YES;
				GCC_C_LANGUAGE_STANDARD = gnu99;
				GCC_DYNAMIC_NO_PIC = NO;
				GCC_NO_COMMON_BLOCKS = YES;
				GCC_OPTIMIZATION_LEVEL = 0;
				GCC_PREPROCESSOR_DEFINITIONS = (
					"DEBUG=1",
					"$(inherited)",
				);
				GCC_WARN_64_TO_32_BIT_CONVERSION = YES;
				GCC_WARN_ABOUT_RETURN_TYPE = YES_ERROR;
				GCC_WARN_UNDECLARED_SELECTOR = YES;
				GCC_WARN_UNINITIALIZED_AUTOS = YES_AGGRESSIVE;
				GCC_WARN_UNUSED_FUNCTION = YES;
				GCC_WARN_UNUSED_VARIABLE = YES;
				IPHONEOS_DEPLOYMENT_TARGET = 10.1;
				MTL_ENABLE_DEBUG_INFO = YES;
				ONLY_ACTIVE_ARCH = YES;
				SDKROOT = iphoneos;
				TARGETED_DEVICE_FAMILY = "1,2";
			};
			name = Debug;
		};
		5FD4C94A1E08439B0036BB76 /* Release */ = {
			isa = XCBuildConfiguration;
			buildSettings = {
				ALWAYS_SEARCH_USER_PATHS = NO;
				CLANG_ANALYZER_NONNULL = YES;
				CLANG_CXX_LANGUAGE_STANDARD = "gnu++0x";
				CLANG_CXX_LIBRARY = "libc++";
				CLANG_ENABLE_MODULES = YES;
				CLANG_ENABLE_OBJC_ARC = YES;
				CLANG_WARN_BOOL_CONVERSION = YES;
				CLANG_WARN_CONSTANT_CONVERSION = YES;
				CLANG_WARN_DIRECT_OBJC_ISA_USAGE = YES_ERROR;
				CLANG_WARN_DOCUMENTATION_COMMENTS = YES;
				CLANG_WARN_EMPTY_BODY = YES;
				CLANG_WARN_ENUM_CONVERSION = YES;
				CLANG_WARN_INFINITE_RECURSION = YES;
				CLANG_WARN_INT_CONVERSION = YES;
				CLANG_WARN_OBJC_ROOT_CLASS = YES_ERROR;
				CLANG_WARN_SUSPICIOUS_MOVES = YES;
				CLANG_WARN_UNREACHABLE_CODE = YES;
				CLANG_WARN__DUPLICATE_METHOD_MATCH = YES;
				"CODE_SIGN_IDENTITY[sdk=iphoneos*]" = "iPhone Developer";
				COPY_PHASE_STRIP = NO;
				DEBUG_INFORMATION_FORMAT = "dwarf-with-dsym";
				ENABLE_NS_ASSERTIONS = NO;
				ENABLE_STRICT_OBJC_MSGSEND = YES;
				GCC_C_LANGUAGE_STANDARD = gnu99;
				GCC_NO_COMMON_BLOCKS = YES;
				GCC_WARN_64_TO_32_BIT_CONVERSION = YES;
				GCC_WARN_ABOUT_RETURN_TYPE = YES_ERROR;
				GCC_WARN_UNDECLARED_SELECTOR = YES;
				GCC_WARN_UNINITIALIZED_AUTOS = YES_AGGRESSIVE;
				GCC_WARN_UNUSED_FUNCTION = YES;
				GCC_WARN_UNUSED_VARIABLE = YES;
				IPHONEOS_DEPLOYMENT_TARGET = 10.1;
				MTL_ENABLE_DEBUG_INFO = NO;
				SDKROOT = iphoneos;
				TARGETED_DEVICE_FAMILY = "1,2";
				VALIDATE_PRODUCT = YES;
			};
			name = Release;
		};
		5FD4C94C1E08439B0036BB76 /* Debug */ = {
			isa = XCBuildConfiguration;
			buildSettings = {
				ASSETCATALOG_COMPILER_APPICON_NAME = AppIcon;
				INFOPLIST_FILE = PangestureTest/Info.plist;
				LD_RUNPATH_SEARCH_PATHS = "$(inherited) @executable_path/Frameworks";
				PRODUCT_BUNDLE_IDENTIFIER = com.kittenyang.PangestureTest;
				PRODUCT_NAME = "$(TARGET_NAME)";
			};
			name = Debug;
		};
		5FD4C94D1E08439B0036BB76 /* Release */ = {
			isa = XCBuildConfiguration;
			buildSettings = {
				ASSETCATALOG_COMPILER_APPICON_NAME = AppIcon;
				INFOPLIST_FILE = PangestureTest/Info.plist;
				LD_RUNPATH_SEARCH_PATHS = "$(inherited) @executable_path/Frameworks";
				PRODUCT_BUNDLE_IDENTIFIER = com.kittenyang.PangestureTest;
				PRODUCT_NAME = "$(TARGET_NAME)";
			};
			name = Release;
		};
		5FD4C94F1E08439B0036BB76 /* Debug */ = {
			isa = XCBuildConfiguration;
			buildSettings = {
				BUNDLE_LOADER = "$(TEST_HOST)";
				INFOPLIST_FILE = PangestureTestTests/Info.plist;
				LD_RUNPATH_SEARCH_PATHS = "$(inherited) @executable_path/Frameworks @loader_path/Frameworks";
				PRODUCT_BUNDLE_IDENTIFIER = com.kittenyang.PangestureTestTests;
				PRODUCT_NAME = "$(TARGET_NAME)";
				TEST_HOST = "$(BUILT_PRODUCTS_DIR)/PangestureTest.app/PangestureTest";
			};
			name = Debug;
		};
		5FD4C9501E08439B0036BB76 /* Release */ = {
			isa = XCBuildConfiguration;
			buildSettings = {
				BUNDLE_LOADER = "$(TEST_HOST)";
				INFOPLIST_FILE = PangestureTestTests/Info.plist;
				LD_RUNPATH_SEARCH_PATHS = "$(inherited) @executable_path/Frameworks @loader_path/Frameworks";
				PRODUCT_BUNDLE_IDENTIFIER = com.kittenyang.PangestureTestTests;
				PRODUCT_NAME = "$(TARGET_NAME)";
				TEST_HOST = "$(BUILT_PRODUCTS_DIR)/PangestureTest.app/PangestureTest";
			};
			name = Release;
		};
		5FD4C9521E08439B0036BB76 /* Debug */ = {
			isa = XCBuildConfiguration;
			buildSettings = {
				INFOPLIST_FILE = PangestureTestUITests/Info.plist;
				LD_RUNPATH_SEARCH_PATHS = "$(inherited) @executable_path/Frameworks @loader_path/Frameworks";
				PRODUCT_BUNDLE_IDENTIFIER = com.kittenyang.PangestureTestUITests;
				PRODUCT_NAME = "$(TARGET_NAME)";
				TEST_TARGET_NAME = PangestureTest;
			};
			name = Debug;
		};
		5FD4C9531E08439B0036BB76 /* Release */ = {
			isa = XCBuildConfiguration;
			buildSettings = {
				INFOPLIST_FILE = PangestureTestUITests/Info.plist;
				LD_RUNPATH_SEARCH_PATHS = "$(inherited) @executable_path/Frameworks @loader_path/Frameworks";
				PRODUCT_BUNDLE_IDENTIFIER = com.kittenyang.PangestureTestUITests;
				PRODUCT_NAME = "$(TARGET_NAME)";
				TEST_TARGET_NAME = PangestureTest;
			};
			name = Release;
		};
/* End XCBuildConfiguration section */

/* Begin XCConfigurationList section */
		5FD4C9191E08439B0036BB76 /* Build configuration list for PBXProject "PangestureTest" */ = {
			isa = XCConfigurationList;
			buildConfigurations = (
				5FD4C9491E08439B0036BB76 /* Debug */,
				5FD4C94A1E08439B0036BB76 /* Release */,
			);
			defaultConfigurationIsVisible = 0;
			defaultConfigurationName = Release;
		};
		5FD4C94B1E08439B0036BB76 /* Build configuration list for PBXNativeTarget "PangestureTest" */ = {
			isa = XCConfigurationList;
			buildConfigurations = (
				5FD4C94C1E08439B0036BB76 /* Debug */,
				5FD4C94D1E08439B0036BB76 /* Release */,
			);
			defaultConfigurationIsVisible = 0;
		};
		5FD4C94E1E08439B0036BB76 /* Build configuration list for PBXNativeTarget "PangestureTestTests" */ = {
			isa = XCConfigurationList;
			buildConfigurations = (
				5FD4C94F1E08439B0036BB76 /* Debug */,
				5FD4C9501E08439B0036BB76 /* Release */,
			);
			defaultConfigurationIsVisible = 0;
		};
		5FD4C9511E08439B0036BB76 /* Build configuration list for PBXNativeTarget "PangestureTestUITests" */ = {
			isa = XCConfigurationList;
			buildConfigurations = (
				5FD4C9521E08439B0036BB76 /* Debug */,
				5FD4C9531E08439B0036BB76 /* Release */,
			);
			defaultConfigurationIsVisible = 0;
		};
/* End XCConfigurationList section */
	};
	rootObject = 5FD4C9161E08439B0036BB76 /* Project object */;
}
